
Microsoft Visual Studio Solution File, Format Version 12.00
# Visual Studio Version 17
VisualStudioVersion = 17.14.36401.2 d17.14
MinimumVisualStudioVersion = 10.0.40219.1
Project("{FAE04EC0-301F-11D3-BF4B-00C04F79EFBC}") = "cafe-management", "cafe-management\cafe-management.csproj", "{8AD32D7A-572B-4A22-96DB-76A3250A6F4C}"
EndProject
Global
	GlobalSection(SolutionConfigurationPlatforms) = preSolution
		Debug|Any CPU = Debug|Any CPU
		Release|Any CPU = Release|Any CPU
	EndGlobalSection
	GlobalSection(ProjectConfigurationPlatforms) = postSolution
		{8AD32D7A-572B-4A22-96DB-76A3250A6F4C}.Debug|Any CPU.ActiveCfg = Debug|Any CPU
		{8AD32D7A-572B-4A22-96DB-76A3250A6F4C}.Debug|Any CPU.Build.0 = Debug|Any CPU
		{8AD32D7A-572B-4A22-96DB-76A3250A6F4C}.Release|Any CPU.ActiveCfg = Release|Any CPU
		{8AD32D7A-572B-4A22-96DB-76A3250A6F4C}.Release|Any CPU.Build.0 = Release|Any CPU
	EndGlobalSection
	GlobalSection(SolutionProperties) = preSolution
		HideSolutionNode = FALSE
	EndGlobalSection
	GlobalSection(ExtensibilityGlobals) = postSolution
		SolutionGuid = {22C27588-13E0-4227-9735-02425397DFAE}
	EndGlobalSection
EndGlobal
