
Microsoft Visual Studio Solution File, Format Version 12.00
# Visual Studio Version 17
VisualStudioVersion = 17.14.36401.2 d17.14
MinimumVisualStudioVersion = 10.0.40219.1
Project("{FAE04EC0-301F-11D3-BF4B-00C04F79EFBC}") = "day10ajax", "day10ajax\day10ajax.csproj", "{35B3177B-B246-4B65-B9B0-A2657F7B98CD}"
EndProject
Global
	GlobalSection(SolutionConfigurationPlatforms) = preSolution
		Debug|Any CPU = Debug|Any CPU
		Release|Any CPU = Release|Any CPU
	EndGlobalSection
	GlobalSection(ProjectConfigurationPlatforms) = postSolution
		{35B3177B-B246-4B65-B9B0-A2657F7B98CD}.Debug|Any CPU.ActiveCfg = Debug|Any CPU
		{35B3177B-B246-4B65-B9B0-A2657F7B98CD}.Debug|Any CPU.Build.0 = Debug|Any CPU
		{35B3177B-B246-4B65-B9B0-A2657F7B98CD}.Release|Any CPU.ActiveCfg = Release|Any CPU
		{35B3177B-B246-4B65-B9B0-A2657F7B98CD}.Release|Any CPU.Build.0 = Release|Any CPU
	EndGlobalSection
	GlobalSection(SolutionProperties) = preSolution
		HideSolutionNode = FALSE
	EndGlobalSection
	GlobalSection(ExtensibilityGlobals) = postSolution
		SolutionGuid = {00259633-99FB-451A-B3CE-D354B823AB2F}
	EndGlobalSection
EndGlobal
