
Microsoft Visual Studio Solution File, Format Version 12.00
# Visual Studio Version 17
VisualStudioVersion = 17.14.36401.2 d17.14
MinimumVisualStudioVersion = 10.0.40219.1
Project("{FAE04EC0-301F-11D3-BF4B-00C04F79EFBC}") = "day06-annotation", "day06-annotation\day06-annotation.csproj", "{74AE08AB-9F8C-42A6-AEC5-0567960599AB}"
EndProject
Global
	GlobalSection(SolutionConfigurationPlatforms) = preSolution
		Debug|Any CPU = Debug|Any CPU
		Release|Any CPU = Release|Any CPU
	EndGlobalSection
	GlobalSection(ProjectConfigurationPlatforms) = postSolution
		{74AE08AB-9F8C-42A6-AEC5-0567960599AB}.Debug|Any CPU.ActiveCfg = Debug|Any CPU
		{74AE08AB-9F8C-42A6-AEC5-0567960599AB}.Debug|Any CPU.Build.0 = Debug|Any CPU
		{74AE08AB-9F8C-42A6-AEC5-0567960599AB}.Release|Any CPU.ActiveCfg = Release|Any CPU
		{74AE08AB-9F8C-42A6-AEC5-0567960599AB}.Release|Any CPU.Build.0 = Release|Any CPU
	EndGlobalSection
	GlobalSection(SolutionProperties) = preSolution
		HideSolutionNode = FALSE
	EndGlobalSection
	GlobalSection(ExtensibilityGlobals) = postSolution
		SolutionGuid = {02EF0AB9-0383-4AEC-822A-7EACDB65EADC}
	EndGlobalSection
EndGlobal
