
Microsoft Visual Studio Solution File, Format Version 12.00
# Visual Studio Version 17
VisualStudioVersion = 17.14.36401.2 d17.14
MinimumVisualStudioVersion = 10.0.40219.1
Project("{FAE04EC0-301F-11D3-BF4B-00C04F79EFBC}") = "day05-model", "day05-model\day05-model.csproj", "{F45AC142-B116-41EA-9E1A-E0F01D3116B7}"
EndProject
Global
	GlobalSection(SolutionConfigurationPlatforms) = preSolution
		Debug|Any CPU = Debug|Any CPU
		Release|Any CPU = Release|Any CPU
	EndGlobalSection
	GlobalSection(ProjectConfigurationPlatforms) = postSolution
		{F45AC142-B116-41EA-9E1A-E0F01D3116B7}.Debug|Any CPU.ActiveCfg = Debug|Any CPU
		{F45AC142-B116-41EA-9E1A-E0F01D3116B7}.Debug|Any CPU.Build.0 = Debug|Any CPU
		{F45AC142-B116-41EA-9E1A-E0F01D3116B7}.Release|Any CPU.ActiveCfg = Release|Any CPU
		{F45AC142-B116-41EA-9E1A-E0F01D3116B7}.Release|Any CPU.Build.0 = Release|Any CPU
	EndGlobalSection
	GlobalSection(SolutionProperties) = preSolution
		HideSolutionNode = FALSE
	EndGlobalSection
	GlobalSection(ExtensibilityGlobals) = postSolution
		SolutionGuid = {F1397C66-621F-4772-90CC-C15E1CD524C9}
	EndGlobalSection
EndGlobal
