
Microsoft Visual Studio Solution File, Format Version 12.00
# Visual Studio Version 17
VisualStudioVersion = 17.14.36401.2 d17.14
MinimumVisualStudioVersion = 10.0.40219.1
Project("{FAE04EC0-301F-11D3-BF4B-00C04F79EFBC}") = "day03-view", "day03-view\day03-view.csproj", "{778201D2-9EF6-430B-9681-2A66B2822A32}"
EndProject
Global
	GlobalSection(SolutionConfigurationPlatforms) = preSolution
		Debug|Any CPU = Debug|Any CPU
		Release|Any CPU = Release|Any CPU
	EndGlobalSection
	GlobalSection(ProjectConfigurationPlatforms) = postSolution
		{778201D2-9EF6-430B-9681-2A66B2822A32}.Debug|Any CPU.ActiveCfg = Debug|Any CPU
		{778201D2-9EF6-430B-9681-2A66B2822A32}.Debug|Any CPU.Build.0 = Debug|Any CPU
		{778201D2-9EF6-430B-9681-2A66B2822A32}.Release|Any CPU.ActiveCfg = Release|Any CPU
		{778201D2-9EF6-430B-9681-2A66B2822A32}.Release|Any CPU.Build.0 = Release|Any CPU
	EndGlobalSection
	GlobalSection(SolutionProperties) = preSolution
		HideSolutionNode = FALSE
	EndGlobalSection
	GlobalSection(ExtensibilityGlobals) = postSolution
		SolutionGuid = {78428CE6-DBF5-4128-9BD0-F673D8AAFDF0}
	EndGlobalSection
EndGlobal
