
Microsoft Visual Studio Solution File, Format Version 12.00
# Visual Studio Version 17
VisualStudioVersion = 17.14.36401.2 d17.14
MinimumVisualStudioVersion = 10.0.40219.1
Project("{FAE04EC0-301F-11D3-BF4B-00C04F79EFBC}") = "test20215v1", "test20215v1\test20215v1.csproj", "{5BBAE903-7D60-49F0-869F-04AB4FE23DF0}"
EndProject
Global
	GlobalSection(SolutionConfigurationPlatforms) = preSolution
		Debug|Any CPU = Debug|Any CPU
		Release|Any CPU = Release|Any CPU
	EndGlobalSection
	GlobalSection(ProjectConfigurationPlatforms) = postSolution
		{5BBAE903-7D60-49F0-869F-04AB4FE23DF0}.Debug|Any CPU.ActiveCfg = Debug|Any CPU
		{5BBAE903-7D60-49F0-869F-04AB4FE23DF0}.Debug|Any CPU.Build.0 = Debug|Any CPU
		{5BBAE903-7D60-49F0-869F-04AB4FE23DF0}.Release|Any CPU.ActiveCfg = Release|Any CPU
		{5BBAE903-7D60-49F0-869F-04AB4FE23DF0}.Release|Any CPU.Build.0 = Release|Any CPU
	EndGlobalSection
	GlobalSection(SolutionProperties) = preSolution
		HideSolutionNode = FALSE
	EndGlobalSection
	GlobalSection(ExtensibilityGlobals) = postSolution
		SolutionGuid = {225BD5AF-5FB2-4376-9C19-DAC68EB026DE}
	EndGlobalSection
EndGlobal
