
Microsoft Visual Studio Solution File, Format Version 12.00
# Visual Studio Version 17
VisualStudioVersion = 17.14.36401.2 d17.14
MinimumVisualStudioVersion = 10.0.40219.1
Project("{FAE04EC0-301F-11D3-BF4B-00C04F79EFBC}") = "ControllerLearn", "ControllerLearn\ControllerLearn.csproj", "{ECE4614A-B80B-48FC-83C6-CC857638A2FA}"
EndProject
Global
	GlobalSection(SolutionConfigurationPlatforms) = preSolution
		Debug|Any CPU = Debug|Any CPU
		Release|Any CPU = Release|Any CPU
	EndGlobalSection
	GlobalSection(ProjectConfigurationPlatforms) = postSolution
		{ECE4614A-B80B-48FC-83C6-CC857638A2FA}.Debug|Any CPU.ActiveCfg = Debug|Any CPU
		{ECE4614A-B80B-48FC-83C6-CC857638A2FA}.Debug|Any CPU.Build.0 = Debug|Any CPU
		{ECE4614A-B80B-48FC-83C6-CC857638A2FA}.Release|Any CPU.ActiveCfg = Release|Any CPU
		{ECE4614A-B80B-48FC-83C6-CC857638A2FA}.Release|Any CPU.Build.0 = Release|Any CPU
	EndGlobalSection
	GlobalSection(SolutionProperties) = preSolution
		HideSolutionNode = FALSE
	EndGlobalSection
	GlobalSection(ExtensibilityGlobals) = postSolution
		SolutionGuid = {59E2B695-DB22-4D1B-BE2E-C62AE5A4618C}
	EndGlobalSection
EndGlobal
