
Microsoft Visual Studio Solution File, Format Version 12.00
# Visual Studio Version 17
VisualStudioVersion = 17.14.36401.2 d17.14
MinimumVisualStudioVersion = 10.0.40219.1
Project("{FAE04EC0-301F-11D3-BF4B-00C04F79EFBC}") = "LeThiThao_231230910", "LeThiThao_231230910\LeThiThao_231230910.csproj", "{DB6D6669-633E-487E-9314-735C0001CCD2}"
EndProject
Global
	GlobalSection(SolutionConfigurationPlatforms) = preSolution
		Debug|Any CPU = Debug|Any CPU
		Release|Any CPU = Release|Any CPU
	EndGlobalSection
	GlobalSection(ProjectConfigurationPlatforms) = postSolution
		{DB6D6669-633E-487E-9314-735C0001CCD2}.Debug|Any CPU.ActiveCfg = Debug|Any CPU
		{DB6D6669-633E-487E-9314-735C0001CCD2}.Debug|Any CPU.Build.0 = Debug|Any CPU
		{DB6D6669-633E-487E-9314-735C0001CCD2}.Release|Any CPU.ActiveCfg = Release|Any CPU
		{DB6D6669-633E-487E-9314-735C0001CCD2}.Release|Any CPU.Build.0 = Release|Any CPU
	EndGlobalSection
	GlobalSection(SolutionProperties) = preSolution
		HideSolutionNode = FALSE
	EndGlobalSection
	GlobalSection(ExtensibilityGlobals) = postSolution
		SolutionGuid = {DE07FF70-C633-4CDC-9839-DF195311D168}
	EndGlobalSection
EndGlobal
