
Microsoft Visual Studio Solution File, Format Version 12.00
# Visual Studio Version 17
VisualStudioVersion = 17.14.36401.2 d17.14
MinimumVisualStudioVersion = 10.0.40219.1
Project("{FAE04EC0-301F-11D3-BF4B-00C04F79EFBC}") = "WebApplication1", "WebApplication1\WebApplication1.csproj", "{0BE4D2CC-413E-4ABA-AB62-AD3F41B0AF33}"
EndProject
Global
	GlobalSection(SolutionConfigurationPlatforms) = preSolution
		Debug|Any CPU = Debug|Any CPU
		Release|Any CPU = Release|Any CPU
	EndGlobalSection
	GlobalSection(ProjectConfigurationPlatforms) = postSolution
		{0BE4D2CC-413E-4ABA-AB62-AD3F41B0AF33}.Debug|Any CPU.ActiveCfg = Debug|Any CPU
		{0BE4D2CC-413E-4ABA-AB62-AD3F41B0AF33}.Debug|Any CPU.Build.0 = Debug|Any CPU
		{0BE4D2CC-413E-4ABA-AB62-AD3F41B0AF33}.Release|Any CPU.ActiveCfg = Release|Any CPU
		{0BE4D2CC-413E-4ABA-AB62-AD3F41B0AF33}.Release|Any CPU.Build.0 = Release|Any CPU
	EndGlobalSection
	GlobalSection(SolutionProperties) = preSolution
		HideSolutionNode = FALSE
	EndGlobalSection
	GlobalSection(ExtensibilityGlobals) = postSolution
		SolutionGuid = {D8AC4CD9-1167-4DD9-A6AF-5E77182B99DA}
	EndGlobalSection
EndGlobal
